name: update-flake-lock
on:
  workflow_dispatch: # allows manual triggering
  schedule:
    - cron: '0 0 * * 0' # runs weekly on Sunday at 00:00

jobs:
  lockfile:
    runs-on: ubuntu-latest
    steps:
      - uses: actions/checkout@v4
      - uses: DeterminateSystems/nix-installer-action@v12
      - uses: DeterminateSystems/update-flake-lock@v22
        commit-msg: "chore(nix): update lockfile"
        pr-title: "chore(nix): update lockfile"
